
Microsoft Visual Studio Solution File, Format Version 12.00
# Visual Studio Version 17
VisualStudioVersion = 17.5.33516.290
MinimumVisualStudioVersion = 10.0.40219.1
Project("{FAE04EC0-301F-11D3-BF4B-00C04F79EFBC}") = "Simple DnD Builder", "Simple DnD Builder.csproj", "{D6C1BCC2-CF79-451F-89C7-B91E75076274}"
EndProject
Project("{FAE04EC0-301F-11D3-BF4B-00C04F79EFBC}") = "Tests", "..\Tests\Tests.csproj", "{558D778E-5C4F-491B-9F4B-70947D71B6E5}"
EndProject
Global
	GlobalSection(SolutionConfigurationPlatforms) = preSolution
		Debug|Any CPU = Debug|Any CPU
		Release|Any CPU = Release|Any CPU
	EndGlobalSection
	GlobalSection(ProjectConfigurationPlatforms) = postSolution
		{D6C1BCC2-CF79-451F-89C7-B91E75076274}.Debug|Any CPU.ActiveCfg = Debug|Any CPU
		{D6C1BCC2-CF79-451F-89C7-B91E75076274}.Debug|Any CPU.Build.0 = Debug|Any CPU
		{D6C1BCC2-CF79-451F-89C7-B91E75076274}.Release|Any CPU.ActiveCfg = Release|Any CPU
		{D6C1BCC2-CF79-451F-89C7-B91E75076274}.Release|Any CPU.Build.0 = Release|Any CPU
		{558D778E-5C4F-491B-9F4B-70947D71B6E5}.Debug|Any CPU.ActiveCfg = Debug|Any CPU
		{558D778E-5C4F-491B-9F4B-70947D71B6E5}.Debug|Any CPU.Build.0 = Debug|Any CPU
		{558D778E-5C4F-491B-9F4B-70947D71B6E5}.Release|Any CPU.ActiveCfg = Release|Any CPU
		{558D778E-5C4F-491B-9F4B-70947D71B6E5}.Release|Any CPU.Build.0 = Release|Any CPU
	EndGlobalSection
	GlobalSection(SolutionProperties) = preSolution
		HideSolutionNode = FALSE
	EndGlobalSection
	GlobalSection(ExtensibilityGlobals) = postSolution
		SolutionGuid = {7A4872F3-0316-41A1-8CE1-2D5C719A23A9}
	EndGlobalSection
EndGlobal
